{
  "name": "my-app",
  "lockfileVersion": 3,
  "packages": {
    "": {
      "name": "my-app",
      "version": "1.0.0",
      "dependencies": {
        "express": "^4.18.0"
      }
    },
    "node_modules/express": {
      "version": "4.18.2",
      "resolved": "https://registry.npmjs.org/express/-/express-4.18.2.tgz"
    },
    "node_modules/body-parser": {
      "version": "1.20.1"
    }
  }
}
